
Microsoft Visual Studio Solution File, Format Version 12.00
# Visual Studio Version 16
VisualStudioVersion = 16.0.37327.17
MinimumVisualStudioVersion = 10.0.40219.1
Project("{FAE04EC0-301F-11D3-BF4B-00C04F79EFBC}") = "gitTest1", "gitTest1\gitTest1.csproj", "{C87ABDB4-A49E-4F45-90A1-5FD3D7AC07C5}"
EndProject
Global
	GlobalSection(SolutionConfigurationPlatforms) = preSolution
		Debug|Any CPU = Debug|Any CPU
		Release|Any CPU = Release|Any CPU
	EndGlobalSection
	GlobalSection(ProjectConfigurationPlatforms) = postSolution
		{C87ABDB4-A49E-4F45-90A1-5FD3D7AC07C5}.Debug|Any CPU.ActiveCfg = Debug|Any CPU
		{C87ABDB4-A49E-4F45-90A1-5FD3D7AC07C5}.Debug|Any CPU.Build.0 = Debug|Any CPU
		{C87ABDB4-A49E-4F45-90A1-5FD3D7AC07C5}.Release|Any CPU.ActiveCfg = Release|Any CPU
		{C87ABDB4-A49E-4F45-90A1-5FD3D7AC07C5}.Release|Any CPU.Build.0 = Release|Any CPU
	EndGlobalSection
	GlobalSection(SolutionProperties) = preSolution
		HideSolutionNode = FALSE
	EndGlobalSection
	GlobalSection(ExtensibilityGlobals) = postSolution
		SolutionGuid = {E59AF8A7-1CAA-499F-B604-34B3F1399D60}
	EndGlobalSection
EndGlobal
